lockfileVersion: '9.0'

settings:
  autoInstallPeers: true
  excludeLinksFromLockfile: false

importers:

  .:
    dependencies:
      express:
        specifier: ^5.1.0
        version: 5.1.0
      vue:
        specifier: ^3.5.17
        version: 3.5.17(typescript@5.8.3)
    devDependencies:
      '@types/node':
        specifier: ^24.1.0
        version: 24.1.0
      tsx:
        specifier: ^4.20.3
        version: 4.20.3
      typescript:
        specifier: ^5.8.3
        version: 5.8.3

packages:

  '@babel/helper-string-parser@7.27.1':
    resolution: {integrity: sha512-qMlSxKbpRlAridDExk92nSobyDdpPijUq2DW6oDnUqd0iOGxmQjyqhMIihI9+zv4LPyZdRje2cavWPbCbWm3eA==, tarball: https://artifactory.devops.xiaohongshu.com/artifactory/api/npm/npm-public/@babel/helper-string-parser/-/helper-string-parser-7.27.1.tgz}
    engines: {node: '>=6.9.0'}

  '@babel/helper-validator-identifier@7.27.1':
    resolution: {integrity: sha512-D2hP9eA+Sqx1kBZgzxZh0y1trbuU+JoDkiEwqhQ36nodYqJwyEIhPSdMNd7lOm/4io72luTPWH20Yda0xOuUow==, tarball: https://artifactory.devops.xiaohongshu.com/artifactory/api/npm/npm-public/@babel/helper-validator-identifier/-/helper-validator-identifier-7.27.1.tgz}
    engines: {node: '>=6.9.0'}

  '@babel/parser@7.28.0':
    resolution: {integrity: sha512-jVZGvOxOuNSsuQuLRTh13nU0AogFlw32w/MT+LV6D3sP5WdbW61E77RnkbaO2dUvmPAYrBDJXGn5gGS6tH4j8g==, tarball: https://artifactory.devops.xiaohongshu.com/artifactory/api/npm/npm-public/@babel/parser/-/parser-7.28.0.tgz}
    engines: {node: '>=6.0.0'}
    hasBin: true

  '@babel/types@7.28.1':
    resolution: {integrity: sha512-x0LvFTekgSX+83TI28Y9wYPUfzrnl2aT5+5QLnO6v7mSJYtEEevuDRN0F0uSHRk1G1IWZC43o00Y0xDDrpBGPQ==, tarball: https://artifactory.devops.xiaohongshu.com/artifactory/api/npm/npm-public/@babel/types/-/types-7.28.1.tgz}
    engines: {node: '>=6.9.0'}

  '@esbuild/aix-ppc64@0.25.8':
    resolution: {integrity: sha512-urAvrUedIqEiFR3FYSLTWQgLu5tb+m0qZw0NBEasUeo6wuqatkMDaRT+1uABiGXEu5vqgPd7FGE1BhsAIy9QVA==, tarball: https://artifactory.devops.xiaohongshu.com/artifactory/api/npm/npm-public/@esbuild/aix-ppc64/-/aix-ppc64-0.25.8.tgz}
    engines: {node: '>=18'}
    cpu: [ppc64]
    os: [aix]

  '@esbuild/android-arm64@0.25.8':
    resolution: {integrity: sha512-OD3p7LYzWpLhZEyATcTSJ67qB5D+20vbtr6vHlHWSQYhKtzUYrETuWThmzFpZtFsBIxRvhO07+UgVA9m0i/O1w==, tarball: https://artifactory.devops.xiaohongshu.com/artifactory/api/npm/npm-public/@esbuild/android-arm64/-/android-arm64-0.25.8.tgz}
    engines: {node: '>=18'}
    cpu: [arm64]
    os: [android]

  '@esbuild/android-arm@0.25.8':
    resolution: {integrity: sha512-RONsAvGCz5oWyePVnLdZY/HHwA++nxYWIX1atInlaW6SEkwq6XkP3+cb825EUcRs5Vss/lGh/2YxAb5xqc07Uw==, tarball: https://artifactory.devops.xiaohongshu.com/artifactory/api/npm/npm-public/@esbuild/android-arm/-/android-arm-0.25.8.tgz}
    engines: {node: '>=18'}
    cpu: [arm]
    os: [android]

  '@esbuild/android-x64@0.25.8':
    resolution: {integrity: sha512-yJAVPklM5+4+9dTeKwHOaA+LQkmrKFX96BM0A/2zQrbS6ENCmxc4OVoBs5dPkCCak2roAD+jKCdnmOqKszPkjA==, tarball: https://artifactory.devops.xiaohongshu.com/artifactory/api/npm/npm-public/@esbuild/android-x64/-/android-x64-0.25.8.tgz}
    engines: {node: '>=18'}
    cpu: [x64]
    os: [android]

  '@esbuild/darwin-arm64@0.25.8':
    resolution: {integrity: sha512-Jw0mxgIaYX6R8ODrdkLLPwBqHTtYHJSmzzd+QeytSugzQ0Vg4c5rDky5VgkoowbZQahCbsv1rT1KW72MPIkevw==, tarball: https://artifactory.devops.xiaohongshu.com/artifactory/api/npm/npm-public/@esbuild/darwin-arm64/-/darwin-arm64-0.25.8.tgz}
    engines: {node: '>=18'}
    cpu: [arm64]
    os: [darwin]

  '@esbuild/darwin-x64@0.25.8':
    resolution: {integrity: sha512-Vh2gLxxHnuoQ+GjPNvDSDRpoBCUzY4Pu0kBqMBDlK4fuWbKgGtmDIeEC081xi26PPjn+1tct+Bh8FjyLlw1Zlg==, tarball: https://artifactory.devops.xiaohongshu.com/artifactory/api/npm/npm-public/@esbuild/darwin-x64/-/darwin-x64-0.25.8.tgz}
    engines: {node: '>=18'}
    cpu: [x64]
    os: [darwin]

  '@esbuild/freebsd-arm64@0.25.8':
    resolution: {integrity: sha512-YPJ7hDQ9DnNe5vxOm6jaie9QsTwcKedPvizTVlqWG9GBSq+BuyWEDazlGaDTC5NGU4QJd666V0yqCBL2oWKPfA==, tarball: https://artifactory.devops.xiaohongshu.com/artifactory/api/npm/npm-public/@esbuild/freebsd-arm64/-/freebsd-arm64-0.25.8.tgz}
    engines: {node: '>=18'}
    cpu: [arm64]
    os: [freebsd]

  '@esbuild/freebsd-x64@0.25.8':
    resolution: {integrity: sha512-MmaEXxQRdXNFsRN/KcIimLnSJrk2r5H8v+WVafRWz5xdSVmWLoITZQXcgehI2ZE6gioE6HirAEToM/RvFBeuhw==, tarball: https://artifactory.devops.xiaohongshu.com/artifactory/api/npm/npm-public/@esbuild/freebsd-x64/-/freebsd-x64-0.25.8.tgz}
    engines: {node: '>=18'}
    cpu: [x64]
    os: [freebsd]

  '@esbuild/linux-arm64@0.25.8':
    resolution: {integrity: sha512-WIgg00ARWv/uYLU7lsuDK00d/hHSfES5BzdWAdAig1ioV5kaFNrtK8EqGcUBJhYqotlUByUKz5Qo6u8tt7iD/w==, tarball: https://artifactory.devops.xiaohongshu.com/artifactory/api/npm/npm-public/@esbuild/linux-arm64/-/linux-arm64-0.25.8.tgz}
    engines: {node: '>=18'}
    cpu: [arm64]
    os: [linux]

  '@esbuild/linux-arm@0.25.8':
    resolution: {integrity: sha512-FuzEP9BixzZohl1kLf76KEVOsxtIBFwCaLupVuk4eFVnOZfU+Wsn+x5Ryam7nILV2pkq2TqQM9EZPsOBuMC+kg==, tarball: https://artifactory.devops.xiaohongshu.com/artifactory/api/npm/npm-public/@esbuild/linux-arm/-/linux-arm-0.25.8.tgz}
    engines: {node: '>=18'}
    cpu: [arm]
    os: [linux]

  '@esbuild/linux-ia32@0.25.8':
    resolution: {integrity: sha512-A1D9YzRX1i+1AJZuFFUMP1E9fMaYY+GnSQil9Tlw05utlE86EKTUA7RjwHDkEitmLYiFsRd9HwKBPEftNdBfjg==, tarball: https://artifactory.devops.xiaohongshu.com/artifactory/api/npm/npm-public/@esbuild/linux-ia32/-/linux-ia32-0.25.8.tgz}
    engines: {node: '>=18'}
    cpu: [ia32]
    os: [linux]

  '@esbuild/linux-loong64@0.25.8':
    resolution: {integrity: sha512-O7k1J/dwHkY1RMVvglFHl1HzutGEFFZ3kNiDMSOyUrB7WcoHGf96Sh+64nTRT26l3GMbCW01Ekh/ThKM5iI7hQ==, tarball: https://artifactory.devops.xiaohongshu.com/artifactory/api/npm/npm-public/@esbuild/linux-loong64/-/linux-loong64-0.25.8.tgz}
    engines: {node: '>=18'}
    cpu: [loong64]
    os: [linux]

  '@esbuild/linux-mips64el@0.25.8':
    resolution: {integrity: sha512-uv+dqfRazte3BzfMp8PAQXmdGHQt2oC/y2ovwpTteqrMx2lwaksiFZ/bdkXJC19ttTvNXBuWH53zy/aTj1FgGw==, tarball: https://artifactory.devops.xiaohongshu.com/artifactory/api/npm/npm-public/@esbuild/linux-mips64el/-/linux-mips64el-0.25.8.tgz}
    engines: {node: '>=18'}
    cpu: [mips64el]
    os: [linux]

  '@esbuild/linux-ppc64@0.25.8':
    resolution: {integrity: sha512-GyG0KcMi1GBavP5JgAkkstMGyMholMDybAf8wF5A70CALlDM2p/f7YFE7H92eDeH/VBtFJA5MT4nRPDGg4JuzQ==, tarball: https://artifactory.devops.xiaohongshu.com/artifactory/api/npm/npm-public/@esbuild/linux-ppc64/-/linux-ppc64-0.25.8.tgz}
    engines: {node: '>=18'}
    cpu: [ppc64]
    os: [linux]

  '@esbuild/linux-riscv64@0.25.8':
    resolution: {integrity: sha512-rAqDYFv3yzMrq7GIcen3XP7TUEG/4LK86LUPMIz6RT8A6pRIDn0sDcvjudVZBiiTcZCY9y2SgYX2lgK3AF+1eg==, tarball: https://artifactory.devops.xiaohongshu.com/artifactory/api/npm/npm-public/@esbuild/linux-riscv64/-/linux-riscv64-0.25.8.tgz}
    engines: {node: '>=18'}
    cpu: [riscv64]
    os: [linux]

  '@esbuild/linux-s390x@0.25.8':
    resolution: {integrity: sha512-Xutvh6VjlbcHpsIIbwY8GVRbwoviWT19tFhgdA7DlenLGC/mbc3lBoVb7jxj9Z+eyGqvcnSyIltYUrkKzWqSvg==, tarball: https://artifactory.devops.xiaohongshu.com/artifactory/api/npm/npm-public/@esbuild/linux-s390x/-/linux-s390x-0.25.8.tgz}
    engines: {node: '>=18'}
    cpu: [s390x]
    os: [linux]

  '@esbuild/linux-x64@0.25.8':
    resolution: {integrity: sha512-ASFQhgY4ElXh3nDcOMTkQero4b1lgubskNlhIfJrsH5OKZXDpUAKBlNS0Kx81jwOBp+HCeZqmoJuihTv57/jvQ==, tarball: https://artifactory.devops.xiaohongshu.com/artifactory/api/npm/npm-public/@esbuild/linux-x64/-/linux-x64-0.25.8.tgz}
    engines: {node: '>=18'}
    cpu: [x64]
    os: [linux]

  '@esbuild/netbsd-arm64@0.25.8':
    resolution: {integrity: sha512-d1KfruIeohqAi6SA+gENMuObDbEjn22olAR7egqnkCD9DGBG0wsEARotkLgXDu6c4ncgWTZJtN5vcgxzWRMzcw==, tarball: https://artifactory.devops.xiaohongshu.com/artifactory/api/npm/npm-public/@esbuild/netbsd-arm64/-/netbsd-arm64-0.25.8.tgz}
    engines: {node: '>=18'}
    cpu: [arm64]
    os: [netbsd]

  '@esbuild/netbsd-x64@0.25.8':
    resolution: {integrity: sha512-nVDCkrvx2ua+XQNyfrujIG38+YGyuy2Ru9kKVNyh5jAys6n+l44tTtToqHjino2My8VAY6Lw9H7RI73XFi66Cg==, tarball: https://artifactory.devops.xiaohongshu.com/artifactory/api/npm/npm-public/@esbuild/netbsd-x64/-/netbsd-x64-0.25.8.tgz}
    engines: {node: '>=18'}
    cpu: [x64]
    os: [netbsd]

  '@esbuild/openbsd-arm64@0.25.8':
    resolution: {integrity: sha512-j8HgrDuSJFAujkivSMSfPQSAa5Fxbvk4rgNAS5i3K+r8s1X0p1uOO2Hl2xNsGFppOeHOLAVgYwDVlmxhq5h+SQ==, tarball: https://artifactory.devops.xiaohongshu.com/artifactory/api/npm/npm-public/@esbuild/openbsd-arm64/-/openbsd-arm64-0.25.8.tgz}
    engines: {node: '>=18'}
    cpu: [arm64]
    os: [openbsd]

  '@esbuild/openbsd-x64@0.25.8':
    resolution: {integrity: sha512-1h8MUAwa0VhNCDp6Af0HToI2TJFAn1uqT9Al6DJVzdIBAd21m/G0Yfc77KDM3uF3T/YaOgQq3qTJHPbTOInaIQ==, tarball: https://artifactory.devops.xiaohongshu.com/artifactory/api/npm/npm-public/@esbuild/openbsd-x64/-/openbsd-x64-0.25.8.tgz}
    engines: {node: '>=18'}
    cpu: [x64]
    os: [openbsd]

  '@esbuild/openharmony-arm64@0.25.8':
    resolution: {integrity: sha512-r2nVa5SIK9tSWd0kJd9HCffnDHKchTGikb//9c7HX+r+wHYCpQrSgxhlY6KWV1nFo1l4KFbsMlHk+L6fekLsUg==, tarball: https://artifactory.devops.xiaohongshu.com/artifactory/api/npm/npm-public/@esbuild/openharmony-arm64/-/openharmony-arm64-0.25.8.tgz}
    engines: {node: '>=18'}
    cpu: [arm64]
    os: [openharmony]

  '@esbuild/sunos-x64@0.25.8':
    resolution: {integrity: sha512-zUlaP2S12YhQ2UzUfcCuMDHQFJyKABkAjvO5YSndMiIkMimPmxA+BYSBikWgsRpvyxuRnow4nS5NPnf9fpv41w==, tarball: https://artifactory.devops.xiaohongshu.com/artifactory/api/npm/npm-public/@esbuild/sunos-x64/-/sunos-x64-0.25.8.tgz}
    engines: {node: '>=18'}
    cpu: [x64]
    os: [sunos]

  '@esbuild/win32-arm64@0.25.8':
    resolution: {integrity: sha512-YEGFFWESlPva8hGL+zvj2z/SaK+pH0SwOM0Nc/d+rVnW7GSTFlLBGzZkuSU9kFIGIo8q9X3ucpZhu8PDN5A2sQ==, tarball: https://artifactory.devops.xiaohongshu.com/artifactory/api/npm/npm-public/@esbuild/win32-arm64/-/win32-arm64-0.25.8.tgz}
    engines: {node: '>=18'}
    cpu: [arm64]
    os: [win32]

  '@esbuild/win32-ia32@0.25.8':
    resolution: {integrity: sha512-hiGgGC6KZ5LZz58OL/+qVVoZiuZlUYlYHNAmczOm7bs2oE1XriPFi5ZHHrS8ACpV5EjySrnoCKmcbQMN+ojnHg==, tarball: https://artifactory.devops.xiaohongshu.com/artifactory/api/npm/npm-public/@esbuild/win32-ia32/-/win32-ia32-0.25.8.tgz}
    engines: {node: '>=18'}
    cpu: [ia32]
    os: [win32]

  '@esbuild/win32-x64@0.25.8':
    resolution: {integrity: sha512-cn3Yr7+OaaZq1c+2pe+8yxC8E144SReCQjN6/2ynubzYjvyqZjTXfQJpAcQpsdJq3My7XADANiYGHoFC69pLQw==, tarball: https://artifactory.devops.xiaohongshu.com/artifactory/api/npm/npm-public/@esbuild/win32-x64/-/win32-x64-0.25.8.tgz}
    engines: {node: '>=18'}
    cpu: [x64]
    os: [win32]

  '@jridgewell/sourcemap-codec@1.5.4':
    resolution: {integrity: sha512-VT2+G1VQs/9oz078bLrYbecdZKs912zQlkelYpuf+SXF+QvZDYJlbx/LSx+meSAwdDFnF8FVXW92AVjjkVmgFw==, tarball: https://artifactory.devops.xiaohongshu.com/artifactory/api/npm/npm-public/@jridgewell/sourcemap-codec/-/sourcemap-codec-1.5.4.tgz}

  '@types/node@24.1.0':
    resolution: {integrity: sha512-ut5FthK5moxFKH2T1CUOC6ctR67rQRvvHdFLCD2Ql6KXmMuCrjsSsRI9UsLCm9M18BMwClv4pn327UvB7eeO1w==, tarball: https://artifactory.devops.xiaohongshu.com/artifactory/api/npm/npm-public/@types/node/-/node-24.1.0.tgz}

  '@vue/compiler-core@3.5.17':
    resolution: {integrity: sha512-Xe+AittLbAyV0pabcN7cP7/BenRBNcteM4aSDCtRvGw0d9OL+HG1u/XHLY/kt1q4fyMeZYXyIYrsHuPSiDPosA==, tarball: https://artifactory.devops.xiaohongshu.com/artifactory/api/npm/npm-public/@vue/compiler-core/-/compiler-core-3.5.17.tgz}

  '@vue/compiler-dom@3.5.17':
    resolution: {integrity: sha512-+2UgfLKoaNLhgfhV5Ihnk6wB4ljyW1/7wUIog2puUqajiC29Lp5R/IKDdkebh9jTbTogTbsgB+OY9cEWzG95JQ==, tarball: https://artifactory.devops.xiaohongshu.com/artifactory/api/npm/npm-public/@vue/compiler-dom/-/compiler-dom-3.5.17.tgz}

  '@vue/compiler-sfc@3.5.17':
    resolution: {integrity: sha512-rQQxbRJMgTqwRugtjw0cnyQv9cP4/4BxWfTdRBkqsTfLOHWykLzbOc3C4GGzAmdMDxhzU/1Ija5bTjMVrddqww==, tarball: https://artifactory.devops.xiaohongshu.com/artifactory/api/npm/npm-public/@vue/compiler-sfc/-/compiler-sfc-3.5.17.tgz}

  '@vue/compiler-ssr@3.5.17':
    resolution: {integrity: sha512-hkDbA0Q20ZzGgpj5uZjb9rBzQtIHLS78mMilwrlpWk2Ep37DYntUz0PonQ6kr113vfOEdM+zTBuJDaceNIW0tQ==, tarball: https://artifactory.devops.xiaohongshu.com/artifactory/api/npm/npm-public/@vue/compiler-ssr/-/compiler-ssr-3.5.17.tgz}

  '@vue/reactivity@3.5.17':
    resolution: {integrity: sha512-l/rmw2STIscWi7SNJp708FK4Kofs97zc/5aEPQh4bOsReD/8ICuBcEmS7KGwDj5ODQLYWVN2lNibKJL1z5b+Lw==, tarball: https://artifactory.devops.xiaohongshu.com/artifactory/api/npm/npm-public/@vue/reactivity/-/reactivity-3.5.17.tgz}

  '@vue/runtime-core@3.5.17':
    resolution: {integrity: sha512-QQLXa20dHg1R0ri4bjKeGFKEkJA7MMBxrKo2G+gJikmumRS7PTD4BOU9FKrDQWMKowz7frJJGqBffYMgQYS96Q==, tarball: https://artifactory.devops.xiaohongshu.com/artifactory/api/npm/npm-public/@vue/runtime-core/-/runtime-core-3.5.17.tgz}

  '@vue/runtime-dom@3.5.17':
    resolution: {integrity: sha512-8El0M60TcwZ1QMz4/os2MdlQECgGoVHPuLnQBU3m9h3gdNRW9xRmI8iLS4t/22OQlOE6aJvNNlBiCzPHur4H9g==, tarball: https://artifactory.devops.xiaohongshu.com/artifactory/api/npm/npm-public/@vue/runtime-dom/-/runtime-dom-3.5.17.tgz}

  '@vue/server-renderer@3.5.17':
    resolution: {integrity: sha512-BOHhm8HalujY6lmC3DbqF6uXN/K00uWiEeF22LfEsm9Q93XeJ/plHTepGwf6tqFcF7GA5oGSSAAUock3VvzaCA==, tarball: https://artifactory.devops.xiaohongshu.com/artifactory/api/npm/npm-public/@vue/server-renderer/-/server-renderer-3.5.17.tgz}
    peerDependencies:
      vue: 3.5.17

  '@vue/shared@3.5.17':
    resolution: {integrity: sha512-CabR+UN630VnsJO/jHWYBC1YVXyMq94KKp6iF5MQgZJs5I8cmjw6oVMO1oDbtBkENSHSSn/UadWlW/OAgdmKrg==, tarball: https://artifactory.devops.xiaohongshu.com/artifactory/api/npm/npm-public/@vue/shared/-/shared-3.5.17.tgz}

  accepts@2.0.0:
    resolution: {integrity: sha512-5cvg6CtKwfgdmVqY1WIiXKc3Q1bkRqGLi+2W/6ao+6Y7gu/RCwRuAhGEzh5B4KlszSuTLgZYuqFqo5bImjNKng==, tarball: https://artifactory.devops.xiaohongshu.com/artifactory/api/npm/npm-public/accepts/-/accepts-2.0.0.tgz}
    engines: {node: '>= 0.6'}

  body-parser@2.2.0:
    resolution: {integrity: sha512-02qvAaxv8tp7fBa/mw1ga98OGm+eCbqzJOKoRt70sLmfEEi+jyBYVTDGfCL/k06/4EMk/z01gCe7HoCH/f2LTg==, tarball: https://artifactory.devops.xiaohongshu.com/artifactory/api/npm/npm-public/body-parser/-/body-parser-2.2.0.tgz}
    engines: {node: '>=18'}

  bytes@3.1.2:
    resolution: {integrity: sha1-iwvuuYYFrfGxKPpDhkA8AJ4CIaU=, tarball: https://artifactory.devops.xiaohongshu.com/artifactory/api/npm/npm-public/bytes/download/bytes-3.1.2.tgz}
    engines: {node: '>= 0.8'}

  call-bind-apply-helpers@1.0.2:
    resolution: {integrity: sha1-S1QowiK+mF15w9gmV0edvgtZstY=, tarball: https://artifactory.devops.xiaohongshu.com/artifactory/api/npm/npm-public/call-bind-apply-helpers/download/call-bind-apply-helpers-1.0.2.tgz}
    engines: {node: '>= 0.4'}

  call-bound@1.0.4:
    resolution: {integrity: sha1-I43pNdKippKSjFOMfM+pEGf9Bio=, tarball: https://artifactory.devops.xiaohongshu.com/artifactory/api/npm/npm-public/call-bound/download/call-bound-1.0.4.tgz}
    engines: {node: '>= 0.4'}

  content-disposition@1.0.0:
    resolution: {integrity: sha512-Au9nRL8VNUut/XSzbQA38+M78dzP4D+eqg3gfJHMIHHYa3bg067xj1KxMUWj+VULbiZMowKngFFbKczUrNJ1mg==, tarball: https://artifactory.devops.xiaohongshu.com/artifactory/api/npm/npm-public/content-disposition/-/content-disposition-1.0.0.tgz}
    engines: {node: '>= 0.6'}

  content-type@1.0.5:
    resolution: {integrity: sha1-i3cxYmVtHRCGeEyPI6VM5tc9eRg=, tarball: https://artifactory.devops.xiaohongshu.com/artifactory/api/npm/npm-public/content-type/download/content-type-1.0.5.tgz}
    engines: {node: '>= 0.6'}

  cookie-signature@1.2.2:
    resolution: {integrity: sha512-D76uU73ulSXrD1UXF4KE2TMxVVwhsnCgfAyTg9k8P6KGZjlXKrOLe4dJQKI3Bxi5wjesZoFXJWElNWBjPZMbhg==, tarball: https://artifactory.devops.xiaohongshu.com/artifactory/api/npm/npm-public/cookie-signature/-/cookie-signature-1.2.2.tgz}
    engines: {node: '>=6.6.0'}

  cookie@0.7.2:
    resolution: {integrity: sha512-yki5XnKuf750l50uGTllt6kKILY4nQ1eNIQatoXEByZ5dWgnKqbnqmTrBE5B4N7lrMJKQ2ytWMiTO2o0v6Ew/w==, tarball: https://artifactory.devops.xiaohongshu.com/artifactory/api/npm/npm-public/cookie/-/cookie-0.7.2.tgz}
    engines: {node: '>= 0.6'}

  csstype@3.1.3:
    resolution: {integrity: sha512-M1uQkMl8rQK/szD0LNhtqxIPLpimGm8sOBwU7lLnCpSbTyY3yeU1Vc7l4KT5zT4s/yOxHH5O7tIuuLOCnLADRw==, tarball: https://artifactory.devops.xiaohongshu.com/artifactory/api/npm/npm-public/csstype/-/csstype-3.1.3.tgz}

  debug@4.4.1:
    resolution: {integrity: sha512-KcKCqiftBJcZr++7ykoDIEwSa3XWowTfNPo92BYxjXiyYEVrUQh2aLyhxBCwww+heortUFxEJYcRzosstTEBYQ==, tarball: https://artifactory.devops.xiaohongshu.com/artifactory/api/npm/npm-public/debug/-/debug-4.4.1.tgz}
    engines: {node: '>=6.0'}
    peerDependencies:
      supports-color: '*'
    peerDependenciesMeta:
      supports-color:
        optional: true

  depd@2.0.0:
    resolution: {integrity: sha1-tpYWPMdXVg0JzyLMj60Vcbeedt8=, tarball: https://artifactory.devops.xiaohongshu.com/artifactory/api/npm/npm-public/depd/download/depd-2.0.0.tgz}
    engines: {node: '>= 0.8'}

  dunder-proto@1.0.1:
    resolution: {integrity: sha1-165mfh3INIL4tw/Q9u78UNow9Yo=, tarball: https://artifactory.devops.xiaohongshu.com/artifactory/api/npm/npm-public/dunder-proto/download/dunder-proto-1.0.1.tgz}
    engines: {node: '>= 0.4'}

  ee-first@1.1.1:
    resolution: {integrity: sha1-WQxhFWsK4vTwJVcyoViyZrxWsh0=, tarball: https://artifactory.devops.xiaohongshu.com/artifactory/api/npm/npm-public/ee-first/download/ee-first-1.1.1.tgz}

  encodeurl@2.0.0:
    resolution: {integrity: sha512-Q0n9HRi4m6JuGIV1eFlmvJB7ZEVxu93IrMyiMsGC0lrMJMWzRgx6WGquyfQgZVb31vhGgXnfmPNNXmxnOkRBrg==, tarball: https://artifactory.devops.xiaohongshu.com/artifactory/api/npm/npm-public/encodeurl/-/encodeurl-2.0.0.tgz}
    engines: {node: '>= 0.8'}

  entities@4.5.0:
    resolution: {integrity: sha1-XSaOpecRPsdMTQM7eepaNaSI+0g=, tarball: https://artifactory.devops.xiaohongshu.com/artifactory/api/npm/npm-public/entities/download/entities-4.5.0.tgz}
    engines: {node: '>=0.12'}

  es-define-property@1.0.1:
    resolution: {integrity: sha1-mD6y+aZyTpMD9hrd8BHHLgngsPo=, tarball: https://artifactory.devops.xiaohongshu.com/artifactory/api/npm/npm-public/es-define-property/download/es-define-property-1.0.1.tgz}
    engines: {node: '>= 0.4'}

  es-errors@1.3.0:
    resolution: {integrity: sha1-BfdaJdq5jk+x3NXhRywFRtUFfI8=, tarball: https://artifactory.devops.xiaohongshu.com/artifactory/api/npm/npm-public/es-errors/download/es-errors-1.3.0.tgz}
    engines: {node: '>= 0.4'}

  es-object-atoms@1.1.1:
    resolution: {integrity: sha1-HE8sSDcydZfOadLKGQp/3RcjOME=, tarball: https://artifactory.devops.xiaohongshu.com/artifactory/api/npm/npm-public/es-object-atoms/download/es-object-atoms-1.1.1.tgz}
    engines: {node: '>= 0.4'}

  esbuild@0.25.8:
    resolution: {integrity: sha512-vVC0USHGtMi8+R4Kz8rt6JhEWLxsv9Rnu/lGYbPR8u47B+DCBksq9JarW0zOO7bs37hyOK1l2/oqtbciutL5+Q==, tarball: https://artifactory.devops.xiaohongshu.com/artifactory/api/npm/npm-public/esbuild/-/esbuild-0.25.8.tgz}
    engines: {node: '>=18'}
    hasBin: true

  escape-html@1.0.3:
    resolution: {integrity: sha1-Aljq5NPQwJdN4cFpGI7wBR0dGYg=, tarball: https://artifactory.devops.xiaohongshu.com/artifactory/api/npm/npm-public/escape-html/download/escape-html-1.0.3.tgz}

  estree-walker@2.0.2:
    resolution: {integrity: sha1-UvAQF4wqTBF6d1fP6UKtt9LaTKw=, tarball: https://artifactory.devops.xiaohongshu.com/artifactory/api/npm/npm-public/estree-walker/download/estree-walker-2.0.2.tgz}

  etag@1.8.1:
    resolution: {integrity: sha1-Qa4u62XvpiJorr/qg6x9eSmbCIc=, tarball: https://artifactory.devops.xiaohongshu.com/artifactory/api/npm/npm-public/etag/download/etag-1.8.1.tgz}
    engines: {node: '>= 0.6'}

  express@5.1.0:
    resolution: {integrity: sha512-DT9ck5YIRU+8GYzzU5kT3eHGA5iL+1Zd0EutOmTE9Dtk+Tvuzd23VBU+ec7HPNSTxXYO55gPV/hq4pSBJDjFpA==, tarball: https://artifactory.devops.xiaohongshu.com/artifactory/api/npm/npm-public/express/-/express-5.1.0.tgz}
    engines: {node: '>= 18'}

  finalhandler@2.1.0:
    resolution: {integrity: sha512-/t88Ty3d5JWQbWYgaOGCCYfXRwV1+be02WqYYlL6h0lEiUAMPM8o8qKGO01YIkOHzka2up08wvgYD0mDiI+q3Q==, tarball: https://artifactory.devops.xiaohongshu.com/artifactory/api/npm/npm-public/finalhandler/-/finalhandler-2.1.0.tgz}
    engines: {node: '>= 0.8'}

  forwarded@0.2.0:
    resolution: {integrity: sha1-ImmTZCiq1MFcfr6XeahL8LKoGBE=, tarball: https://artifactory.devops.xiaohongshu.com/artifactory/api/npm/npm-public/forwarded/download/forwarded-0.2.0.tgz}
    engines: {node: '>= 0.6'}

  fresh@2.0.0:
    resolution: {integrity: sha512-Rx/WycZ60HOaqLKAi6cHRKKI7zxWbJ31MhntmtwMoaTeF7XFH9hhBp8vITaMidfljRQ6eYWCKkaTK+ykVJHP2A==, tarball: https://artifactory.devops.xiaohongshu.com/artifactory/api/npm/npm-public/fresh/-/fresh-2.0.0.tgz}
    engines: {node: '>= 0.8'}

  fsevents@2.3.3:
    resolution: {integrity: sha512-5xoDfX+fL7faATnagmWPpbFtwh/R77WmMMqqHGS65C3vvB0YHrgF+B1YmZ3441tMj5n63k0212XNoJwzlhffQw==, tarball: https://artifactory.devops.xiaohongshu.com/artifactory/api/npm/npm-public/fsevents/-/fsevents-2.3.3.tgz}
    engines: {node: ^8.16.0 || ^10.6.0 || >=11.0.0}
    os: [darwin]

  function-bind@1.1.2:
    resolution: {integrity: sha1-LALYZNl/PqbIgwxGTL0Rq26rehw=, tarball: https://artifactory.devops.xiaohongshu.com/artifactory/api/npm/npm-public/function-bind/download/function-bind-1.1.2.tgz}

  get-intrinsic@1.3.0:
    resolution: {integrity: sha1-dD8OO2lkqTpUke0b/6rgVNf5jQE=, tarball: https://artifactory.devops.xiaohongshu.com/artifactory/api/npm/npm-public/get-intrinsic/download/get-intrinsic-1.3.0.tgz}
    engines: {node: '>= 0.4'}

  get-proto@1.0.1:
    resolution: {integrity: sha1-FQs/J0OGnvPoUewMSdFbHRTQDuE=, tarball: https://artifactory.devops.xiaohongshu.com/artifactory/api/npm/npm-public/get-proto/download/get-proto-1.0.1.tgz}
    engines: {node: '>= 0.4'}

  get-tsconfig@4.10.1:
    resolution: {integrity: sha512-auHyJ4AgMz7vgS8Hp3N6HXSmlMdUyhSUrfBF16w153rxtLIEOE+HGqaBppczZvnHLqQJfiHotCYpNhl0lUROFQ==, tarball: https://artifactory.devops.xiaohongshu.com/artifactory/api/npm/npm-public/get-tsconfig/-/get-tsconfig-4.10.1.tgz}

  gopd@1.2.0:
    resolution: {integrity: sha1-ifVrghe9vIgCvSmd9tfxCB1+UaE=, tarball: https://artifactory.devops.xiaohongshu.com/artifactory/api/npm/npm-public/gopd/download/gopd-1.2.0.tgz}
    engines: {node: '>= 0.4'}

  has-symbols@1.1.0:
    resolution: {integrity: sha1-/JxqeDoISVHQuXH+EBjegTcHozg=, tarball: https://artifactory.devops.xiaohongshu.com/artifactory/api/npm/npm-public/has-symbols/download/has-symbols-1.1.0.tgz}
    engines: {node: '>= 0.4'}

  hasown@2.0.2:
    resolution: {integrity: sha1-AD6vkb563DcuhOxZ3DclLO24AAM=, tarball: https://artifactory.devops.xiaohongshu.com/artifactory/api/npm/npm-public/hasown/download/hasown-2.0.2.tgz}
    engines: {node: '>= 0.4'}

  http-errors@2.0.0:
    resolution: {integrity: sha1-t3dKFIbvc892Z6ya4IWMASxXudM=, tarball: https://artifactory.devops.xiaohongshu.com/artifactory/api/npm/npm-public/http-errors/download/http-errors-2.0.0.tgz}
    engines: {node: '>= 0.8'}

  iconv-lite@0.6.3:
    resolution: {integrity: sha1-pS+AvzjaGVLrXGgXkHGYcaGnJQE=, tarball: https://artifactory.devops.xiaohongshu.com/artifactory/api/npm/npm-public/iconv-lite/download/iconv-lite-0.6.3.tgz}
    engines: {node: '>=0.10.0'}

  inherits@2.0.4:
    resolution: {integrity: sha1-D6LGT5MpF8NDOg3tVTY6rjdBa3w=, tarball: https://artifactory.devops.xiaohongshu.com/artifactory/api/npm/npm-public/inherits/download/inherits-2.0.4.tgz}

  ipaddr.js@1.9.1:
    resolution: {integrity: sha1-v/OFQ+64mEglB5/zoqjmy9RngbM=, tarball: https://artifactory.devops.xiaohongshu.com/artifactory/api/npm/npm-public/ipaddr.js/download/ipaddr.js-1.9.1.tgz}
    engines: {node: '>= 0.10'}

  is-promise@4.0.0:
    resolution: {integrity: sha1-Qv+fhCBsGZHSbev1IN1cAQQt0vM=, tarball: https://artifactory.devops.xiaohongshu.com/artifactory/api/npm/npm-public/is-promise/download/is-promise-4.0.0.tgz}

  magic-string@0.30.17:
    resolution: {integrity: sha1-RQpElnPSRg5bvPupphkWoXFMdFM=, tarball: https://artifactory.devops.xiaohongshu.com/artifactory/api/npm/npm-public/magic-string/download/magic-string-0.30.17.tgz}

  math-intrinsics@1.1.0:
    resolution: {integrity: sha1-oN10voHiqlwvJ+Zc4oNgXuTit/k=, tarball: https://artifactory.devops.xiaohongshu.com/artifactory/api/npm/npm-public/math-intrinsics/download/math-intrinsics-1.1.0.tgz}
    engines: {node: '>= 0.4'}

  media-typer@1.1.0:
    resolution: {integrity: sha1-ardLjy0zIPIGSyqHo455Mf86VWE=, tarball: https://artifactory.devops.xiaohongshu.com/artifactory/api/npm/npm-public/media-typer/download/media-typer-1.1.0.tgz}
    engines: {node: '>= 0.8'}

  merge-descriptors@2.0.0:
    resolution: {integrity: sha512-Snk314V5ayFLhp3fkUREub6WtjBfPdCPY1Ln8/8munuLuiYhsABgBVWsozAG+MWMbVEvcdcpbi9R7ww22l9Q3g==, tarball: https://artifactory.devops.xiaohongshu.com/artifactory/api/npm/npm-public/merge-descriptors/-/merge-descriptors-2.0.0.tgz}
    engines: {node: '>=18'}

  mime-db@1.54.0:
    resolution: {integrity: sha512-aU5EJuIN2WDemCcAp2vFBfp/m4EAhWJnUNSSw0ixs7/kXbd6Pg64EmwJkNdFhB8aWt1sH2CTXrLxo/iAGV3oPQ==, tarball: https://artifactory.devops.xiaohongshu.com/artifactory/api/npm/npm-public/mime-db/-/mime-db-1.54.0.tgz}
    engines: {node: '>= 0.6'}

  mime-types@3.0.1:
    resolution: {integrity: sha512-xRc4oEhT6eaBpU1XF7AjpOFD+xQmXNB5OVKwp4tqCuBpHLS/ZbBDrc07mYTDqVMg6PfxUjjNp85O6Cd2Z/5HWA==, tarball: https://artifactory.devops.xiaohongshu.com/artifactory/api/npm/npm-public/mime-types/-/mime-types-3.0.1.tgz}
    engines: {node: '>= 0.6'}

  ms@2.1.3:
    resolution: {integrity: sha1-V0yBOM4dK1hh8LRFedut1gxmFbI=, tarball: https://artifactory.devops.xiaohongshu.com/artifactory/api/npm/npm-public/ms/download/ms-2.1.3.tgz}

  nanoid@3.3.11:
    resolution: {integrity: sha1-T08RLO++MDIC8hmYOBKJNiZtGFs=, tarball: https://artifactory.devops.xiaohongshu.com/artifactory/api/npm/npm-public/nanoid/download/nanoid-3.3.11.tgz}
    engines: {node: ^10 || ^12 || ^13.7 || ^14 || >=15.0.1}
    hasBin: true

  negotiator@1.0.0:
    resolution: {integrity: sha1-tskbtHFy1p+Tz9fDV7u1KQGbX2o=, tarball: https://artifactory.devops.xiaohongshu.com/artifactory/api/npm/npm-public/negotiator/download/negotiator-1.0.0.tgz}
    engines: {node: '>= 0.6'}

  object-inspect@1.13.4:
    resolution: {integrity: sha1-g3UmXiG8IND6WCwi4bE0hdbgAhM=, tarball: https://artifactory.devops.xiaohongshu.com/artifactory/api/npm/npm-public/object-inspect/download/object-inspect-1.13.4.tgz}
    engines: {node: '>= 0.4'}

  on-finished@2.4.1:
    resolution: {integrity: sha1-WMjEQRblSEWtV/FKsQsDUzGErD8=, tarball: https://artifactory.devops.xiaohongshu.com/artifactory/api/npm/npm-public/on-finished/download/on-finished-2.4.1.tgz}
    engines: {node: '>= 0.8'}

  once@1.4.0:
    resolution: {integrity: sha1-WDsap3WWHUsROsF9nFC6753Xa9E=, tarball: https://artifactory.devops.xiaohongshu.com/artifactory/api/npm/npm-public/once/download/once-1.4.0.tgz}

  parseurl@1.3.3:
    resolution: {integrity: sha1-naGee+6NEt/wUT7Vt2lXeTvC6NQ=, tarball: https://artifactory.devops.xiaohongshu.com/artifactory/api/npm/npm-public/parseurl/download/parseurl-1.3.3.tgz}
    engines: {node: '>= 0.8'}

  path-to-regexp@8.2.0:
    resolution: {integrity: sha1-c5kMwp5Xo/8qDZFAlRVt9dt56LQ=, tarball: https://artifactory.devops.xiaohongshu.com/artifactory/api/npm/npm-public/path-to-regexp/download/path-to-regexp-8.2.0.tgz}
    engines: {node: '>=16'}

  picocolors@1.1.1:
    resolution: {integrity: sha1-PTIa8+q5ObCDyPkpodEs2oHCa2s=, tarball: https://artifactory.devops.xiaohongshu.com/artifactory/api/npm/npm-public/picocolors/download/picocolors-1.1.1.tgz}

  postcss@8.5.6:
    resolution: {integrity: sha512-3Ybi1tAuwAP9s0r1UQ2J4n5Y0G05bJkpUIO0/bI9MhwmD70S5aTWbXGBwxHrelT+XM1k6dM0pk+SwNkpTRN7Pg==, tarball: https://artifactory.devops.xiaohongshu.com/artifactory/api/npm/npm-public/postcss/-/postcss-8.5.6.tgz}
    engines: {node: ^10 || ^12 || >=14}

  proxy-addr@2.0.7:
    resolution: {integrity: sha1-8Z/mnOqzEe65S0LnDowgcPm6ECU=, tarball: https://artifactory.devops.xiaohongshu.com/artifactory/api/npm/npm-public/proxy-addr/download/proxy-addr-2.0.7.tgz}
    engines: {node: '>= 0.10'}

  qs@6.14.0:
    resolution: {integrity: sha1-xj+kBoDSxclBQSoOiZyJr2DAqTA=, tarball: https://artifactory.devops.xiaohongshu.com/artifactory/api/npm/npm-public/qs/download/qs-6.14.0.tgz}
    engines: {node: '>=0.6'}

  range-parser@1.2.1:
    resolution: {integrity: sha1-PPNwI9GZ4cJNGlW4SADC8+ZGgDE=, tarball: https://artifactory.devops.xiaohongshu.com/artifactory/api/npm/npm-public/range-parser/download/range-parser-1.2.1.tgz}
    engines: {node: '>= 0.6'}

  raw-body@3.0.0:
    resolution: {integrity: sha512-RmkhL8CAyCRPXCE28MMH0z2PNWQBNk2Q09ZdxM9IOOXwxwZbN+qbWaatPkdkWIKL2ZVDImrN/pK5HTRz2PcS4g==, tarball: https://artifactory.devops.xiaohongshu.com/artifactory/api/npm/npm-public/raw-body/-/raw-body-3.0.0.tgz}
    engines: {node: '>= 0.8'}

  resolve-pkg-maps@1.0.0:
    resolution: {integrity: sha1-YWs9wsVwVrVYjDHN9LPWTbEzcg8=, tarball: https://artifactory.devops.xiaohongshu.com/artifactory/api/npm/npm-public/resolve-pkg-maps/download/resolve-pkg-maps-1.0.0.tgz}

  router@2.2.0:
    resolution: {integrity: sha512-nLTrUKm2UyiL7rlhapu/Zl45FwNgkZGaCpZbIHajDYgwlJCOzLSk+cIPAnsEqV955GjILJnKbdQC1nVPz+gAYQ==, tarball: https://artifactory.devops.xiaohongshu.com/artifactory/api/npm/npm-public/router/-/router-2.2.0.tgz}
    engines: {node: '>= 18'}

  safe-buffer@5.2.1:
    resolution: {integrity: sha1-Hq+fqb2x/dTsdfWPnNtOa3gn7sY=, tarball: https://artifactory.devops.xiaohongshu.com/artifactory/api/npm/npm-public/safe-buffer/download/safe-buffer-5.2.1.tgz}

  safer-buffer@2.1.2:
    resolution: {integrity: sha1-RPoWGwGHuVSd2Eu5GAL5vYOFzWo=, tarball: https://artifactory.devops.xiaohongshu.com/artifactory/api/npm/npm-public/safer-buffer/download/safer-buffer-2.1.2.tgz}

  send@1.2.0:
    resolution: {integrity: sha512-uaW0WwXKpL9blXE2o0bRhoL2EGXIrZxQ2ZQ4mgcfoBxdFmQold+qWsD2jLrfZ0trjKL6vOw0j//eAwcALFjKSw==, tarball: https://artifactory.devops.xiaohongshu.com/artifactory/api/npm/npm-public/send/-/send-1.2.0.tgz}
    engines: {node: '>= 18'}

  serve-static@2.2.0:
    resolution: {integrity: sha512-61g9pCh0Vnh7IutZjtLGGpTA355+OPn2TyDv/6ivP2h/AdAVX9azsoxmg2/M6nZeQZNYBEwIcsne1mJd9oQItQ==, tarball: https://artifactory.devops.xiaohongshu.com/artifactory/api/npm/npm-public/serve-static/-/serve-static-2.2.0.tgz}
    engines: {node: '>= 18'}

  setprototypeof@1.2.0:
    resolution: {integrity: sha1-ZsmiSnP5/CjL5msJ/tPTPcrxtCQ=, tarball: https://artifactory.devops.xiaohongshu.com/artifactory/api/npm/npm-public/setprototypeof/download/setprototypeof-1.2.0.tgz}

  side-channel-list@1.0.0:
    resolution: {integrity: sha1-EMtZhCYxFdO3oOM2WR4pCoMK+K0=, tarball: https://artifactory.devops.xiaohongshu.com/artifactory/api/npm/npm-public/side-channel-list/download/side-channel-list-1.0.0.tgz}
    engines: {node: '>= 0.4'}

  side-channel-map@1.0.1:
    resolution: {integrity: sha1-1rtrN5Asb+9RdOX1M/q0xzKib0I=, tarball: https://artifactory.devops.xiaohongshu.com/artifactory/api/npm/npm-public/side-channel-map/download/side-channel-map-1.0.1.tgz}
    engines: {node: '>= 0.4'}

  side-channel-weakmap@1.0.2:
    resolution: {integrity: sha1-Ed2hnVNo5Azp7CvcH7DsvAeQ7Oo=, tarball: https://artifactory.devops.xiaohongshu.com/artifactory/api/npm/npm-public/side-channel-weakmap/download/side-channel-weakmap-1.0.2.tgz}
    engines: {node: '>= 0.4'}

  side-channel@1.1.0:
    resolution: {integrity: sha1-w/z/nE2pMnhIczNeyXZfqU/2a8k=, tarball: https://artifactory.devops.xiaohongshu.com/artifactory/api/npm/npm-public/side-channel/download/side-channel-1.1.0.tgz}
    engines: {node: '>= 0.4'}

  source-map-js@1.2.1:
    resolution: {integrity: sha1-HOVlD93YerwJnto33P8CTCZnrkY=, tarball: https://artifactory.devops.xiaohongshu.com/artifactory/api/npm/npm-public/source-map-js/download/source-map-js-1.2.1.tgz}
    engines: {node: '>=0.10.0'}

  statuses@2.0.1:
    resolution: {integrity: sha1-VcsADM8dSHKL0jxoWgY5mM8aG2M=, tarball: https://artifactory.devops.xiaohongshu.com/artifactory/api/npm/npm-public/statuses/download/statuses-2.0.1.tgz}
    engines: {node: '>= 0.8'}

  statuses@2.0.2:
    resolution: {integrity: sha512-DvEy55V3DB7uknRo+4iOGT5fP1slR8wQohVdknigZPMpMstaKJQWhwiYBACJE3Ul2pTnATihhBYnRhZQHGBiRw==, tarball: https://artifactory.devops.xiaohongshu.com/artifactory/api/npm/npm-public/statuses/-/statuses-2.0.2.tgz}
    engines: {node: '>= 0.8'}

  toidentifier@1.0.1:
    resolution: {integrity: sha1-O+NDIaiKgg7RvYDfqjPkefu43TU=, tarball: https://artifactory.devops.xiaohongshu.com/artifactory/api/npm/npm-public/toidentifier/download/toidentifier-1.0.1.tgz}
    engines: {node: '>=0.6'}

  tsx@4.20.3:
    resolution: {integrity: sha512-qjbnuR9Tr+FJOMBqJCW5ehvIo/buZq7vH7qD7JziU98h6l3qGy0a/yPFjwO+y0/T7GFpNgNAvEcPPVfyT8rrPQ==, tarball: https://artifactory.devops.xiaohongshu.com/artifactory/api/npm/npm-public/tsx/-/tsx-4.20.3.tgz}
    engines: {node: '>=18.0.0'}
    hasBin: true

  type-is@2.0.1:
    resolution: {integrity: sha512-OZs6gsjF4vMp32qrCbiVSkrFmXtG/AZhY3t0iAMrMBiAZyV9oALtXO8hsrHbMXF9x6L3grlFuwW2oAz7cav+Gw==, tarball: https://artifactory.devops.xiaohongshu.com/artifactory/api/npm/npm-public/type-is/-/type-is-2.0.1.tgz}
    engines: {node: '>= 0.6'}

  typescript@5.8.3:
    resolution: {integrity: sha512-p1diW6TqL9L07nNxvRMM7hMMw4c5XOo/1ibL4aAIGmSAt9slTE1Xgw5KWuof2uTOvCg9BY7ZRi+GaF+7sfgPeQ==, tarball: https://artifactory.devops.xiaohongshu.com/artifactory/api/npm/npm-public/typescript/-/typescript-5.8.3.tgz}
    engines: {node: '>=14.17'}
    hasBin: true

  undici-types@7.8.0:
    resolution: {integrity: sha512-9UJ2xGDvQ43tYyVMpuHlsgApydB8ZKfVYTsLDhXkFL/6gfkp+U8xTGdh8pMJv1SpZna0zxG1DwsKZsreLbXBxw==, tarball: https://artifactory.devops.xiaohongshu.com/artifactory/api/npm/npm-public/undici-types/-/undici-types-7.8.0.tgz}

  unpipe@1.0.0:
    resolution: {integrity: sha1-sr9O6FFKrmFltIF4KdIbLvSZBOw=, tarball: https://artifactory.devops.xiaohongshu.com/artifactory/api/npm/npm-public/unpipe/download/unpipe-1.0.0.tgz}
    engines: {node: '>= 0.8'}

  vary@1.1.2:
    resolution: {integrity: sha1-IpnwLG3tMNSllhsLn3RSShj2NPw=, tarball: https://artifactory.devops.xiaohongshu.com/artifactory/api/npm/npm-public/vary/download/vary-1.1.2.tgz}
    engines: {node: '>= 0.8'}

  vue@3.5.17:
    resolution: {integrity: sha512-LbHV3xPN9BeljML+Xctq4lbz2lVHCR6DtbpTf5XIO6gugpXUN49j2QQPcMj086r9+AkJ0FfUT8xjulKKBkkr9g==, tarball: https://artifactory.devops.xiaohongshu.com/artifactory/api/npm/npm-public/vue/-/vue-3.5.17.tgz}
    peerDependencies:
      typescript: '*'
    peerDependenciesMeta:
      typescript:
        optional: true

  wrappy@1.0.2:
    resolution: {integrity: sha1-tSQ9jz7BqjXxNkYFvA0QNuMKtp8=, tarball: https://artifactory.devops.xiaohongshu.com/artifactory/api/npm/npm-public/wrappy/download/wrappy-1.0.2.tgz}

snapshots:

  '@babel/helper-string-parser@7.27.1': {}

  '@babel/helper-validator-identifier@7.27.1': {}

  '@babel/parser@7.28.0':
    dependencies:
      '@babel/types': 7.28.1

  '@babel/types@7.28.1':
    dependencies:
      '@babel/helper-string-parser': 7.27.1
      '@babel/helper-validator-identifier': 7.27.1

  '@esbuild/aix-ppc64@0.25.8':
    optional: true

  '@esbuild/android-arm64@0.25.8':
    optional: true

  '@esbuild/android-arm@0.25.8':
    optional: true

  '@esbuild/android-x64@0.25.8':
    optional: true

  '@esbuild/darwin-arm64@0.25.8':
    optional: true

  '@esbuild/darwin-x64@0.25.8':
    optional: true

  '@esbuild/freebsd-arm64@0.25.8':
    optional: true

  '@esbuild/freebsd-x64@0.25.8':
    optional: true

  '@esbuild/linux-arm64@0.25.8':
    optional: true

  '@esbuild/linux-arm@0.25.8':
    optional: true

  '@esbuild/linux-ia32@0.25.8':
    optional: true

  '@esbuild/linux-loong64@0.25.8':
    optional: true

  '@esbuild/linux-mips64el@0.25.8':
    optional: true

  '@esbuild/linux-ppc64@0.25.8':
    optional: true

  '@esbuild/linux-riscv64@0.25.8':
    optional: true

  '@esbuild/linux-s390x@0.25.8':
    optional: true

  '@esbuild/linux-x64@0.25.8':
    optional: true

  '@esbuild/netbsd-arm64@0.25.8':
    optional: true

  '@esbuild/netbsd-x64@0.25.8':
    optional: true

  '@esbuild/openbsd-arm64@0.25.8':
    optional: true

  '@esbuild/openbsd-x64@0.25.8':
    optional: true

  '@esbuild/openharmony-arm64@0.25.8':
    optional: true

  '@esbuild/sunos-x64@0.25.8':
    optional: true

  '@esbuild/win32-arm64@0.25.8':
    optional: true

  '@esbuild/win32-ia32@0.25.8':
    optional: true

  '@esbuild/win32-x64@0.25.8':
    optional: true

  '@jridgewell/sourcemap-codec@1.5.4': {}

  '@types/node@24.1.0':
    dependencies:
      undici-types: 7.8.0

  '@vue/compiler-core@3.5.17':
    dependencies:
      '@babel/parser': 7.28.0
      '@vue/shared': 3.5.17
      entities: 4.5.0
      estree-walker: 2.0.2
      source-map-js: 1.2.1

  '@vue/compiler-dom@3.5.17':
    dependencies:
      '@vue/compiler-core': 3.5.17
      '@vue/shared': 3.5.17

  '@vue/compiler-sfc@3.5.17':
    dependencies:
      '@babel/parser': 7.28.0
      '@vue/compiler-core': 3.5.17
      '@vue/compiler-dom': 3.5.17
      '@vue/compiler-ssr': 3.5.17
      '@vue/shared': 3.5.17
      estree-walker: 2.0.2
      magic-string: 0.30.17
      postcss: 8.5.6
      source-map-js: 1.2.1

  '@vue/compiler-ssr@3.5.17':
    dependencies:
      '@vue/compiler-dom': 3.5.17
      '@vue/shared': 3.5.17

  '@vue/reactivity@3.5.17':
    dependencies:
      '@vue/shared': 3.5.17

  '@vue/runtime-core@3.5.17':
    dependencies:
      '@vue/reactivity': 3.5.17
      '@vue/shared': 3.5.17

  '@vue/runtime-dom@3.5.17':
    dependencies:
      '@vue/reactivity': 3.5.17
      '@vue/runtime-core': 3.5.17
      '@vue/shared': 3.5.17
      csstype: 3.1.3

  '@vue/server-renderer@3.5.17(vue@3.5.17(typescript@5.8.3))':
    dependencies:
      '@vue/compiler-ssr': 3.5.17
      '@vue/shared': 3.5.17
      vue: 3.5.17(typescript@5.8.3)

  '@vue/shared@3.5.17': {}

  accepts@2.0.0:
    dependencies:
      mime-types: 3.0.1
      negotiator: 1.0.0

  body-parser@2.2.0:
    dependencies:
      bytes: 3.1.2
      content-type: 1.0.5
      debug: 4.4.1
      http-errors: 2.0.0
      iconv-lite: 0.6.3
      on-finished: 2.4.1
      qs: 6.14.0
      raw-body: 3.0.0
      type-is: 2.0.1
    transitivePeerDependencies:
      - supports-color

  bytes@3.1.2: {}

  call-bind-apply-helpers@1.0.2:
    dependencies:
      es-errors: 1.3.0
      function-bind: 1.1.2

  call-bound@1.0.4:
    dependencies:
      call-bind-apply-helpers: 1.0.2
      get-intrinsic: 1.3.0

  content-disposition@1.0.0:
    dependencies:
      safe-buffer: 5.2.1

  content-type@1.0.5: {}

  cookie-signature@1.2.2: {}

  cookie@0.7.2: {}

  csstype@3.1.3: {}

  debug@4.4.1:
    dependencies:
      ms: 2.1.3

  depd@2.0.0: {}

  dunder-proto@1.0.1:
    dependencies:
      call-bind-apply-helpers: 1.0.2
      es-errors: 1.3.0
      gopd: 1.2.0

  ee-first@1.1.1: {}

  encodeurl@2.0.0: {}

  entities@4.5.0: {}

  es-define-property@1.0.1: {}

  es-errors@1.3.0: {}

  es-object-atoms@1.1.1:
    dependencies:
      es-errors: 1.3.0

  esbuild@0.25.8:
    optionalDependencies:
      '@esbuild/aix-ppc64': 0.25.8
      '@esbuild/android-arm': 0.25.8
      '@esbuild/android-arm64': 0.25.8
      '@esbuild/android-x64': 0.25.8
      '@esbuild/darwin-arm64': 0.25.8
      '@esbuild/darwin-x64': 0.25.8
      '@esbuild/freebsd-arm64': 0.25.8
      '@esbuild/freebsd-x64': 0.25.8
      '@esbuild/linux-arm': 0.25.8
      '@esbuild/linux-arm64': 0.25.8
      '@esbuild/linux-ia32': 0.25.8
      '@esbuild/linux-loong64': 0.25.8
      '@esbuild/linux-mips64el': 0.25.8
      '@esbuild/linux-ppc64': 0.25.8
      '@esbuild/linux-riscv64': 0.25.8
      '@esbuild/linux-s390x': 0.25.8
      '@esbuild/linux-x64': 0.25.8
      '@esbuild/netbsd-arm64': 0.25.8
      '@esbuild/netbsd-x64': 0.25.8
      '@esbuild/openbsd-arm64': 0.25.8
      '@esbuild/openbsd-x64': 0.25.8
      '@esbuild/openharmony-arm64': 0.25.8
      '@esbuild/sunos-x64': 0.25.8
      '@esbuild/win32-arm64': 0.25.8
      '@esbuild/win32-ia32': 0.25.8
      '@esbuild/win32-x64': 0.25.8

  escape-html@1.0.3: {}

  estree-walker@2.0.2: {}

  etag@1.8.1: {}

  express@5.1.0:
    dependencies:
      accepts: 2.0.0
      body-parser: 2.2.0
      content-disposition: 1.0.0
      content-type: 1.0.5
      cookie: 0.7.2
      cookie-signature: 1.2.2
      debug: 4.4.1
      encodeurl: 2.0.0
      escape-html: 1.0.3
      etag: 1.8.1
      finalhandler: 2.1.0
      fresh: 2.0.0
      http-errors: 2.0.0
      merge-descriptors: 2.0.0
      mime-types: 3.0.1
      on-finished: 2.4.1
      once: 1.4.0
      parseurl: 1.3.3
      proxy-addr: 2.0.7
      qs: 6.14.0
      range-parser: 1.2.1
      router: 2.2.0
      send: 1.2.0
      serve-static: 2.2.0
      statuses: 2.0.2
      type-is: 2.0.1
      vary: 1.1.2
    transitivePeerDependencies:
      - supports-color

  finalhandler@2.1.0:
    dependencies:
      debug: 4.4.1
      encodeurl: 2.0.0
      escape-html: 1.0.3
      on-finished: 2.4.1
      parseurl: 1.3.3
      statuses: 2.0.2
    transitivePeerDependencies:
      - supports-color

  forwarded@0.2.0: {}

  fresh@2.0.0: {}

  fsevents@2.3.3:
    optional: true

  function-bind@1.1.2: {}

  get-intrinsic@1.3.0:
    dependencies:
      call-bind-apply-helpers: 1.0.2
      es-define-property: 1.0.1
      es-errors: 1.3.0
      es-object-atoms: 1.1.1
      function-bind: 1.1.2
      get-proto: 1.0.1
      gopd: 1.2.0
      has-symbols: 1.1.0
      hasown: 2.0.2
      math-intrinsics: 1.1.0

  get-proto@1.0.1:
    dependencies:
      dunder-proto: 1.0.1
      es-object-atoms: 1.1.1

  get-tsconfig@4.10.1:
    dependencies:
      resolve-pkg-maps: 1.0.0

  gopd@1.2.0: {}

  has-symbols@1.1.0: {}

  hasown@2.0.2:
    dependencies:
      function-bind: 1.1.2

  http-errors@2.0.0:
    dependencies:
      depd: 2.0.0
      inherits: 2.0.4
      setprototypeof: 1.2.0
      statuses: 2.0.1
      toidentifier: 1.0.1

  iconv-lite@0.6.3:
    dependencies:
      safer-buffer: 2.1.2

  inherits@2.0.4: {}

  ipaddr.js@1.9.1: {}

  is-promise@4.0.0: {}

  magic-string@0.30.17:
    dependencies:
      '@jridgewell/sourcemap-codec': 1.5.4

  math-intrinsics@1.1.0: {}

  media-typer@1.1.0: {}

  merge-descriptors@2.0.0: {}

  mime-db@1.54.0: {}

  mime-types@3.0.1:
    dependencies:
      mime-db: 1.54.0

  ms@2.1.3: {}

  nanoid@3.3.11: {}

  negotiator@1.0.0: {}

  object-inspect@1.13.4: {}

  on-finished@2.4.1:
    dependencies:
      ee-first: 1.1.1

  once@1.4.0:
    dependencies:
      wrappy: 1.0.2

  parseurl@1.3.3: {}

  path-to-regexp@8.2.0: {}

  picocolors@1.1.1: {}

  postcss@8.5.6:
    dependencies:
      nanoid: 3.3.11
      picocolors: 1.1.1
      source-map-js: 1.2.1

  proxy-addr@2.0.7:
    dependencies:
      forwarded: 0.2.0
      ipaddr.js: 1.9.1

  qs@6.14.0:
    dependencies:
      side-channel: 1.1.0

  range-parser@1.2.1: {}

  raw-body@3.0.0:
    dependencies:
      bytes: 3.1.2
      http-errors: 2.0.0
      iconv-lite: 0.6.3
      unpipe: 1.0.0

  resolve-pkg-maps@1.0.0: {}

  router@2.2.0:
    dependencies:
      debug: 4.4.1
      depd: 2.0.0
      is-promise: 4.0.0
      parseurl: 1.3.3
      path-to-regexp: 8.2.0
    transitivePeerDependencies:
      - supports-color

  safe-buffer@5.2.1: {}

  safer-buffer@2.1.2: {}

  send@1.2.0:
    dependencies:
      debug: 4.4.1
      encodeurl: 2.0.0
      escape-html: 1.0.3
      etag: 1.8.1
      fresh: 2.0.0
      http-errors: 2.0.0
      mime-types: 3.0.1
      ms: 2.1.3
      on-finished: 2.4.1
      range-parser: 1.2.1
      statuses: 2.0.2
    transitivePeerDependencies:
      - supports-color

  serve-static@2.2.0:
    dependencies:
      encodeurl: 2.0.0
      escape-html: 1.0.3
      parseurl: 1.3.3
      send: 1.2.0
    transitivePeerDependencies:
      - supports-color

  setprototypeof@1.2.0: {}

  side-channel-list@1.0.0:
    dependencies:
      es-errors: 1.3.0
      object-inspect: 1.13.4

  side-channel-map@1.0.1:
    dependencies:
      call-bound: 1.0.4
      es-errors: 1.3.0
      get-intrinsic: 1.3.0
      object-inspect: 1.13.4

  side-channel-weakmap@1.0.2:
    dependencies:
      call-bound: 1.0.4
      es-errors: 1.3.0
      get-intrinsic: 1.3.0
      object-inspect: 1.13.4
      side-channel-map: 1.0.1

  side-channel@1.1.0:
    dependencies:
      es-errors: 1.3.0
      object-inspect: 1.13.4
      side-channel-list: 1.0.0
      side-channel-map: 1.0.1
      side-channel-weakmap: 1.0.2

  source-map-js@1.2.1: {}

  statuses@2.0.1: {}

  statuses@2.0.2: {}

  toidentifier@1.0.1: {}

  tsx@4.20.3:
    dependencies:
      esbuild: 0.25.8
      get-tsconfig: 4.10.1
    optionalDependencies:
      fsevents: 2.3.3

  type-is@2.0.1:
    dependencies:
      content-type: 1.0.5
      media-typer: 1.1.0
      mime-types: 3.0.1

  typescript@5.8.3: {}

  undici-types@7.8.0: {}

  unpipe@1.0.0: {}

  vary@1.1.2: {}

  vue@3.5.17(typescript@5.8.3):
    dependencies:
      '@vue/compiler-dom': 3.5.17
      '@vue/compiler-sfc': 3.5.17
      '@vue/runtime-dom': 3.5.17
      '@vue/server-renderer': 3.5.17(vue@3.5.17(typescript@5.8.3))
      '@vue/shared': 3.5.17
    optionalDependencies:
      typescript: 5.8.3

  wrappy@1.0.2: {}
